
Microsoft Visual Studio Solution File, Format Version 12.00
# Visual Studio 15
VisualStudioVersion = 15.0.27703.2026
MinimumVisualStudioVersion = 10.0.40219.1
Project("{4DF76451-A46A-4C0B-BE03-459FAAFA07E6}") = "VKads", "VKads\VKads.mproj", "{0D0E3EA7-9FD1-4858-87D5-DADA19171D25}"
EndProject
Global
	GlobalSection(SolutionConfigurationPlatforms) = preSolution
		Debug|x86 = Debug|x86
		Release|x86 = Release|x86
	EndGlobalSection
	GlobalSection(ProjectConfigurationPlatforms) = postSolution
		{0D0E3EA7-9FD1-4858-87D5-DADA19171D25}.Debug|x86.ActiveCfg = Debug|x86
		{0D0E3EA7-9FD1-4858-87D5-DADA19171D25}.Debug|x86.Build.0 = Debug|x86
		{0D0E3EA7-9FD1-4858-87D5-DADA19171D25}.Release|x86.ActiveCfg = Release|x86
		{0D0E3EA7-9FD1-4858-87D5-DADA19171D25}.Release|x86.Build.0 = Release|x86
	EndGlobalSection
	GlobalSection(SolutionProperties) = preSolution
		HideSolutionNode = FALSE
	EndGlobalSection
	GlobalSection(ExtensibilityGlobals) = postSolution
		SolutionGuid = {DADB0E64-C8B0-42A1-A79A-E6E0F486A1C5}
	EndGlobalSection
EndGlobal
